Microsoft Visual Studio Solution File, Format Version 12.00
# Visual Studio Version 17
VisualStudioVersion = 17.5.2.0
MinimumVisualStudioVersion = 10.0.40219.1
Project("{FAE04EC0-301F-11D3-BF4B-00C04F79EFBC}") = "DesignPatternsApp", "DesignPatternsApp\DesignPatternsApp.csproj", "{A4ACCE0B-4901-F8B1-40A1-86A0B5819599}"
EndProject
Global
	GlobalSection(SolutionConfigurationPlatforms) = preSolution
		Debug|Any CPU = Debug|Any CPU
		Release|Any CPU = Release|Any CPU
	EndGlobalSection
	GlobalSection(ProjectConfigurationPlatforms) = postSolution
		{A4ACCE0B-4901-F8B1-40A1-86A0B5819599}.Debug|Any CPU.ActiveCfg = Debug|Any CPU
		{A4ACCE0B-4901-F8B1-40A1-86A0B5819599}.Debug|Any CPU.Build.0 = Debug|Any CPU
		{A4ACCE0B-4901-F8B1-40A1-86A0B5819599}.Release|Any CPU.ActiveCfg = Release|Any CPU
		{A4ACCE0B-4901-F8B1-40A1-86A0B5819599}.Release|Any CPU.Build.0 = Release|Any CPU
	EndGlobalSection
	GlobalSection(SolutionProperties) = preSolution
		HideSolutionNode = FALSE
	EndGlobalSection
	GlobalSection(ExtensibilityGlobals) = postSolution
		SolutionGuid = {745BBCA6-AC70-4276-AD97-D71F1E57B417}
	EndGlobalSection
EndGlobal
